
Microsoft Visual Studio Solution File, Format Version 12.00
# Visual Studio 2013
VisualStudioVersion = 12.0.30723.0
MinimumVisualStudioVersion = 10.0.40219.1
Project("{2150E333-8FDC-42A3-9474-1A3956D46DE8}") = "0 - Presentation", "0 - Presentation", "{00754908-409D-484C-9321-923BA0FB76D9}"
EndProject
Project("{2150E333-8FDC-42A3-9474-1A3956D46DE8}") = "1 - Services", "1 - Services", "{97C2E63F-92DE-4D77-A5FC-9BEEEACB009F}"
EndProject
Project("{2150E333-8FDC-42A3-9474-1A3956D46DE8}") = "2 - Application", "2 - Application", "{DE662B98-03FF-41F0-AD7C-9A4B231BA7A0}"
EndProject
Project("{2150E333-8FDC-42A3-9474-1A3956D46DE8}") = "3 - Domain", "3 - Domain", "{64BB0B4D-7E7B-43BF-900B-73A138C738C3}"
EndProject
Project("{FAE04EC0-301F-11D3-BF4B-00C04F79EFBC}") = "Efa.Domain", "Efa.Domain\Efa.Domain.csproj", "{7C164416-7531-4A11-BAE4-CA783DE6EA45}"
EndProject
Project("{2150E333-8FDC-42A3-9474-1A3956D46DE8}") = "4 - Infra", "4 - Infra", "{AEEF6F65-926F-4012-80B2-C8B95F81A405}"
EndProject
Project("{2150E333-8FDC-42A3-9474-1A3956D46DE8}") = "4.1 - Data", "4.1 - Data", "{DCFAA6F4-2BD3-4789-8C7E-3E0813F9A3CC}"
EndProject
Project("{2150E333-8FDC-42A3-9474-1A3956D46DE8}") = "4.2 - CrossCutting", "4.2 - CrossCutting", "{05500EE9-BF5E-442A-B234-1198708B104C}"
EndProject
Project("{FAE04EC0-301F-11D3-BF4B-00C04F79EFBC}") = "Efa.Infra.Data", "Efa.Infra.Data\Efa.Infra.Data.csproj", "{8139EAA0-5219-4201-B1AE-D92853A8E33A}"
EndProject
Project("{FAE04EC0-301F-11D3-BF4B-00C04F79EFBC}") = "Efa.Application", "Efa.Application\Efa.Application.csproj", "{C62A08FE-6F43-4A7C-BACB-A14D0F31F0BE}"
EndProject
Project("{FAE04EC0-301F-11D3-BF4B-00C04F79EFBC}") = "Efa.Infra.CrossCutting.IoC", "Efa.Infra.CrossCutting.IoC\Efa.Infra.CrossCutting.IoC.csproj", "{429228AD-F3FF-4302-A12D-CB154AB6D4B4}"
EndProject
Project("{FAE04EC0-301F-11D3-BF4B-00C04F79EFBC}") = "Efa.Infra.CrossCutting.Identity", "Efa.Infra.CrossCutting.Identity\Efa.Infra.CrossCutting.Identity.csproj", "{48EA61C5-5F9B-488C-9FBA-3276A08EE8FF}"
EndProject
Project("{FAE04EC0-301F-11D3-BF4B-00C04F79EFBC}") = "Efa.Infram.CrossCutting.MVCFilters", "Efa.Infram.CrossCutting.MVCFilters\Efa.Infram.CrossCutting.MVCFilters.csproj", "{EC318A09-6994-4AA4-8393-D76E3F55F7A3}"
EndProject
Project("{FAE04EC0-301F-11D3-BF4B-00C04F79EFBC}") = "Efa.Infra.CrossCutting.AspNetIdentity", "Efa.Infra.CrossCutting.AspNetIdentity\Efa.Infra.CrossCutting.AspNetIdentity.csproj", "{01DBA566-E222-4B35-8EE3-E6E314581966}"
EndProject
Project("{FAE04EC0-301F-11D3-BF4B-00C04F79EFBC}") = "Efa.Services.WebApi", "Efa.Services.WebApi\Efa.Services.WebApi.csproj", "{251C3C63-3E14-4C14-8513-08ACFD5704C9}"
EndProject
Project("{FAE04EC0-301F-11D3-BF4B-00C04F79EFBC}") = "Efa.UI.Admin", "Efa.UI.Admin\Efa.UI.Admin.csproj", "{FEAADB87-CA25-4E1C-85C1-0EBCCBA9CB78}"
EndProject
Global
	GlobalSection(SolutionConfigurationPlatforms) = preSolution
		Debug|Any CPU = Debug|Any CPU
		Release|Any CPU = Release|Any CPU
	EndGlobalSection
	GlobalSection(ProjectConfigurationPlatforms) = postSolution
		{7C164416-7531-4A11-BAE4-CA783DE6EA45}.Debug|Any CPU.ActiveCfg = Debug|Any CPU
		{7C164416-7531-4A11-BAE4-CA783DE6EA45}.Debug|Any CPU.Build.0 = Debug|Any CPU
		{7C164416-7531-4A11-BAE4-CA783DE6EA45}.Release|Any CPU.ActiveCfg = Release|Any CPU
		{7C164416-7531-4A11-BAE4-CA783DE6EA45}.Release|Any CPU.Build.0 = Release|Any CPU
		{8139EAA0-5219-4201-B1AE-D92853A8E33A}.Debug|Any CPU.ActiveCfg = Debug|Any CPU
		{8139EAA0-5219-4201-B1AE-D92853A8E33A}.Debug|Any CPU.Build.0 = Debug|Any CPU
		{8139EAA0-5219-4201-B1AE-D92853A8E33A}.Release|Any CPU.ActiveCfg = Release|Any CPU
		{8139EAA0-5219-4201-B1AE-D92853A8E33A}.Release|Any CPU.Build.0 = Release|Any CPU
		{C62A08FE-6F43-4A7C-BACB-A14D0F31F0BE}.Debug|Any CPU.ActiveCfg = Debug|Any CPU
		{C62A08FE-6F43-4A7C-BACB-A14D0F31F0BE}.Debug|Any CPU.Build.0 = Debug|Any CPU
		{C62A08FE-6F43-4A7C-BACB-A14D0F31F0BE}.Release|Any CPU.ActiveCfg = Release|Any CPU
		{C62A08FE-6F43-4A7C-BACB-A14D0F31F0BE}.Release|Any CPU.Build.0 = Release|Any CPU
		{429228AD-F3FF-4302-A12D-CB154AB6D4B4}.Debug|Any CPU.ActiveCfg = Debug|Any CPU
		{429228AD-F3FF-4302-A12D-CB154AB6D4B4}.Debug|Any CPU.Build.0 = Debug|Any CPU
		{429228AD-F3FF-4302-A12D-CB154AB6D4B4}.Release|Any CPU.ActiveCfg = Release|Any CPU
		{429228AD-F3FF-4302-A12D-CB154AB6D4B4}.Release|Any CPU.Build.0 = Release|Any CPU
		{48EA61C5-5F9B-488C-9FBA-3276A08EE8FF}.Debug|Any CPU.ActiveCfg = Debug|Any CPU
		{48EA61C5-5F9B-488C-9FBA-3276A08EE8FF}.Debug|Any CPU.Build.0 = Debug|Any CPU
		{48EA61C5-5F9B-488C-9FBA-3276A08EE8FF}.Release|Any CPU.ActiveCfg = Release|Any CPU
		{48EA61C5-5F9B-488C-9FBA-3276A08EE8FF}.Release|Any CPU.Build.0 = Release|Any CPU
		{EC318A09-6994-4AA4-8393-D76E3F55F7A3}.Debug|Any CPU.ActiveCfg = Debug|Any CPU
		{EC318A09-6994-4AA4-8393-D76E3F55F7A3}.Debug|Any CPU.Build.0 = Debug|Any CPU
		{EC318A09-6994-4AA4-8393-D76E3F55F7A3}.Release|Any CPU.ActiveCfg = Release|Any CPU
		{EC318A09-6994-4AA4-8393-D76E3F55F7A3}.Release|Any CPU.Build.0 = Release|Any CPU
		{01DBA566-E222-4B35-8EE3-E6E314581966}.Debug|Any CPU.ActiveCfg = Debug|Any CPU
		{01DBA566-E222-4B35-8EE3-E6E314581966}.Debug|Any CPU.Build.0 = Debug|Any CPU
		{01DBA566-E222-4B35-8EE3-E6E314581966}.Release|Any CPU.ActiveCfg = Release|Any CPU
		{01DBA566-E222-4B35-8EE3-E6E314581966}.Release|Any CPU.Build.0 = Release|Any CPU
		{251C3C63-3E14-4C14-8513-08ACFD5704C9}.Debug|Any CPU.ActiveCfg = Debug|Any CPU
		{251C3C63-3E14-4C14-8513-08ACFD5704C9}.Debug|Any CPU.Build.0 = Debug|Any CPU
		{251C3C63-3E14-4C14-8513-08ACFD5704C9}.Release|Any CPU.ActiveCfg = Release|Any CPU
		{251C3C63-3E14-4C14-8513-08ACFD5704C9}.Release|Any CPU.Build.0 = Release|Any CPU
		{FEAADB87-CA25-4E1C-85C1-0EBCCBA9CB78}.Debug|Any CPU.ActiveCfg = Debug|Any CPU
		{FEAADB87-CA25-4E1C-85C1-0EBCCBA9CB78}.Debug|Any CPU.Build.0 = Debug|Any CPU
		{FEAADB87-CA25-4E1C-85C1-0EBCCBA9CB78}.Release|Any CPU.ActiveCfg = Release|Any CPU
		{FEAADB87-CA25-4E1C-85C1-0EBCCBA9CB78}.Release|Any CPU.Build.0 = Release|Any CPU
	EndGlobalSection
	GlobalSection(SolutionProperties) = preSolution
		HideSolutionNode = FALSE
	EndGlobalSection
	GlobalSection(NestedProjects) = preSolution
		{7C164416-7531-4A11-BAE4-CA783DE6EA45} = {64BB0B4D-7E7B-43BF-900B-73A138C738C3}
		{DCFAA6F4-2BD3-4789-8C7E-3E0813F9A3CC} = {AEEF6F65-926F-4012-80B2-C8B95F81A405}
		{05500EE9-BF5E-442A-B234-1198708B104C} = {AEEF6F65-926F-4012-80B2-C8B95F81A405}
		{8139EAA0-5219-4201-B1AE-D92853A8E33A} = {DCFAA6F4-2BD3-4789-8C7E-3E0813F9A3CC}
		{C62A08FE-6F43-4A7C-BACB-A14D0F31F0BE} = {DE662B98-03FF-41F0-AD7C-9A4B231BA7A0}
		{429228AD-F3FF-4302-A12D-CB154AB6D4B4} = {05500EE9-BF5E-442A-B234-1198708B104C}
		{48EA61C5-5F9B-488C-9FBA-3276A08EE8FF} = {05500EE9-BF5E-442A-B234-1198708B104C}
		{EC318A09-6994-4AA4-8393-D76E3F55F7A3} = {05500EE9-BF5E-442A-B234-1198708B104C}
		{01DBA566-E222-4B35-8EE3-E6E314581966} = {05500EE9-BF5E-442A-B234-1198708B104C}
		{251C3C63-3E14-4C14-8513-08ACFD5704C9} = {97C2E63F-92DE-4D77-A5FC-9BEEEACB009F}
		{FEAADB87-CA25-4E1C-85C1-0EBCCBA9CB78} = {00754908-409D-484C-9321-923BA0FB76D9}
	EndGlobalSection
EndGlobal
